
Microsoft Visual Studio Solution File, Format Version 12.00
# Visual Studio Version 17
VisualStudioVersion = 17.14.36301.6 d17.14
MinimumVisualStudioVersion = 10.0.40219.1
Project("{FAE04EC0-301F-11D3-BF4B-00C04F79EFBC}") = "MovieLib", "MovieLib.csproj", "{731E7008-32DD-4FB3-AB74-3DD2E84EEFD4}"
EndProject
Global
	GlobalSection(SolutionConfigurationPlatforms) = preSolution
		Debug|Any CPU = Debug|Any CPU
		Release|Any CPU = Release|Any CPU
	EndGlobalSection
	GlobalSection(ProjectConfigurationPlatforms) = postSolution
		{731E7008-32DD-4FB3-AB74-3DD2E84EEFD4}.Debug|Any CPU.ActiveCfg = Debug|Any CPU
		{731E7008-32DD-4FB3-AB74-3DD2E84EEFD4}.Debug|Any CPU.Build.0 = Debug|Any CPU
		{731E7008-32DD-4FB3-AB74-3DD2E84EEFD4}.Release|Any CPU.ActiveCfg = Release|Any CPU
		{731E7008-32DD-4FB3-AB74-3DD2E84EEFD4}.Release|Any CPU.Build.0 = Release|Any CPU
	EndGlobalSection
	GlobalSection(SolutionProperties) = preSolution
		HideSolutionNode = FALSE
	EndGlobalSection
	GlobalSection(ExtensibilityGlobals) = postSolution
		SolutionGuid = {AACD4BE2-312D-4073-9B80-AE27C8A474AF}
	EndGlobalSection
EndGlobal
